
Microsoft Visual Studio Solution File, Format Version 12.00
# Visual Studio 15
VisualStudioVersion = 15.0.28307.421
MinimumVisualStudioVersion = 10.0.40219.1
Project("{FAE04EC0-301F-11D3-BF4B-00C04F79EFBC}") = "Proekta2.0", "Proekta2.0\Proekta2.0.csproj", "{E864E4DE-4ED4-4332-8C57-EC4479135B59}"
EndProject
Global
	GlobalSection(SolutionConfigurationPlatforms) = preSolution
		Debug|Any CPU = Debug|Any CPU
		Release|Any CPU = Release|Any CPU
	EndGlobalSection
	GlobalSection(ProjectConfigurationPlatforms) = postSolution
		{E864E4DE-4ED4-4332-8C57-EC4479135B59}.Debug|Any CPU.ActiveCfg = Debug|Any CPU
		{E864E4DE-4ED4-4332-8C57-EC4479135B59}.Debug|Any CPU.Build.0 = Debug|Any CPU
		{E864E4DE-4ED4-4332-8C57-EC4479135B59}.Release|Any CPU.ActiveCfg = Release|Any CPU
		{E864E4DE-4ED4-4332-8C57-EC4479135B59}.Release|Any CPU.Build.0 = Release|Any CPU
	EndGlobalSection
	GlobalSection(SolutionProperties) = preSolution
		HideSolutionNode = FALSE
	EndGlobalSection
	GlobalSection(ExtensibilityGlobals) = postSolution
		SolutionGuid = {8B06B92F-5A10-4D99-ACA1-4FD3FFD4FE42}
	EndGlobalSection
EndGlobal
